{
  "name": "@genesiscommunitysuccess/notify-pbc",
  "version": "1.0.0",
  "lockfileVersion": 3,
  "requires": true,
  "packages": {
    "": {
      "name": "@genesiscommunitysuccess/notify-pbc",
      "version": "1.0.0",
      "license": "SEE LICENSE IN LICENSE",
      "engines": {
        "node": ">=20.0.0"
      }
    }
  }
}
